// !$*UTF8*$!
{
	archiveVersion = 1;
	classes = {
	};
	objectVersion = 48;
	objects = {

/* Begin PBXBuildFile section */
		A39519311FA67FC4000272B2 /* UsersPresenter.swift in Sources */ = {isa = PBXBuildFile; fileRef = A39519301FA67FC4000272B2 /* UsersPresenter.swift */; };
		A39519341FA7A4D9000272B2 /* UsersAndPostsServiceManager.swift in Sources */ = {isa = PBXBuildFile; fileRef = A39519331FA7A4D9000272B2 /* UsersAndPostsServiceManager.swift */; };
		A3B7B7141FA8FE5F0019AC43 /* CellMock.xib in Resources */ = {isa = PBXBuildFile; fileRef = A3B7B7131FA8FE5F0019AC43 /* CellMock.xib */; };
		A3B7B7161FA9028B0019AC43 /* UsersPresenterTests.swift in Sources */ = {isa = PBXBuildFile; fileRef = A3B7B7151FA9028B0019AC43 /* UsersPresenterTests.swift */; };
		A3B7B7181FA90B710019AC43 /* UserViewModelTests.swift in Sources */ = {isa = PBXBuildFile; fileRef = A3B7B7171FA90B710019AC43 /* UserViewModelTests.swift */; };
		A3B7B71A1FA90E2C0019AC43 /* ServiceManagerTests.swift in Sources */ = {isa = PBXBuildFile; fileRef = A3B7B7191FA90E2C0019AC43 /* ServiceManagerTests.swift */; };
		FA3002801FA65568008A4527 /* AddressModel.swift in Sources */ = {isa = PBXBuildFile; fileRef = FA30027F1FA65568008A4527 /* AddressModel.swift */; };
		FA3002821FA66655008A4527 /* UserCell.xib in Resources */ = {isa = PBXBuildFile; fileRef = FA3002811FA66655008A4527 /* UserCell.xib */; };
		FA89774A1FA5D993003E0CFB /* AppDelegate.swift in Sources */ = {isa = PBXBuildFile; fileRef = FA8977491FA5D993003E0CFB /* AppDelegate.swift */; };
		FA89774F1FA5D993003E0CFB /* Main.storyboard in Resources */ = {isa = PBXBuildFile; fileRef = FA89774D1FA5D993003E0CFB /* Main.storyboard */; };
		FA8977511FA5D993003E0CFB /* Assets.xcassets in Resources */ = {isa = PBXBuildFile; fileRef = FA8977501FA5D993003E0CFB /* Assets.xcassets */; };
		FA8977541FA5D993003E0CFB /* LaunchScreen.storyboard in Resources */ = {isa = PBXBuildFile; fileRef = FA8977521FA5D993003E0CFB /* LaunchScreen.storyboard */; };
		FA89775F1FA5D993003E0CFB /* TestQuandooTaskTests.swift in Sources */ = {isa = PBXBuildFile; fileRef = FA89775E1FA5D993003E0CFB /* TestQuandooTaskTests.swift */; };
		FA89776A1FA5D993003E0CFB /* TestQuandooTaskUITests.swift in Sources */ = {isa = PBXBuildFile; fileRef = FA8977691FA5D993003E0CFB /* TestQuandooTaskUITests.swift */; };
		FAF53F5F1FA5ED29006D1D89 /* AppCoordinator.swift in Sources */ = {isa = PBXBuildFile; fileRef = FAF53F5E1FA5ED29006D1D89 /* AppCoordinator.swift */; };
		FAF53F641FA5F910006D1D89 /* UsersAndPostsCoordinator.swift in Sources */ = {isa = PBXBuildFile; fileRef = FAF53F631FA5F910006D1D89 /* UsersAndPostsCoordinator.swift */; };
		FAF53F661FA5FB0D006D1D89 /* UsersListController.swift in Sources */ = {isa = PBXBuildFile; fileRef = FAF53F651FA5FB0D006D1D89 /* UsersListController.swift */; };
		FAF53F681FA5FB19006D1D89 /* PostsListController.swift in Sources */ = {isa = PBXBuildFile; fileRef = FAF53F671FA5FB19006D1D89 /* PostsListController.swift */; };
		FAF53F6A1FA60470006D1D89 /* AppCoordinatorTests.swift in Sources */ = {isa = PBXBuildFile; fileRef = FAF53F691FA60470006D1D89 /* AppCoordinatorTests.swift */; };
		FAF53F6E1FA60D7C006D1D89 /* BaseTableViewController.swift in Sources */ = {isa = PBXBuildFile; fileRef = FAF53F6D1FA60D7C006D1D89 /* BaseTableViewController.swift */; };
		FAF53F711FA6165A006D1D89 /* UserModel.swift in Sources */ = {isa = PBXBuildFile; fileRef = FAF53F701FA6165A006D1D89 /* UserModel.swift */; };
		FAF53F731FA61666006D1D89 /* PostModel.swift in Sources */ = {isa = PBXBuildFile; fileRef = FAF53F721FA61666006D1D89 /* PostModel.swift */; };
		FAF53F751FA61A62006D1D89 /* StoryBoard+AppControllers.swift in Sources */ = {isa = PBXBuildFile; fileRef = FAF53F741FA61A62006D1D89 /* StoryBoard+AppControllers.swift */; };
		FAF53F771FA62004006D1D89 /* UsersAndPostsCoordinatorTests.swift in Sources */ = {isa = PBXBuildFile; fileRef = FAF53F761FA62004006D1D89 /* UsersAndPostsCoordinatorTests.swift */; };
		FAF53F7A1FA62ED1006D1D89 /* ConfigurableCell.swift in Sources */ = {isa = PBXBuildFile; fileRef = FAF53F791FA62ED1006D1D89 /* ConfigurableCell.swift */; };
		FAF53F7D1FA62F03006D1D89 /* UserCell.swift in Sources */ = {isa = PBXBuildFile; fileRef = FAF53F7C1FA62F03006D1D89 /* UserCell.swift */; };
		FAF53F801FA62F53006D1D89 /* GenericTableViewDataSource.swift in Sources */ = {isa = PBXBuildFile; fileRef = FAF53F7F1FA62F53006D1D89 /* GenericTableViewDataSource.swift */; };
		FAF53F851FA63087006D1D89 /* GenericTableViewDataSourceTests.swift in Sources */ = {isa = PBXBuildFile; fileRef = FAF53F841FA63086006D1D89 /* GenericTableViewDataSourceTests.swift */; };
		FAF53F871FA64287006D1D89 /* ServiceManager.swift in Sources */ = {isa = PBXBuildFile; fileRef = FAF53F861FA64287006D1D89 /* ServiceManager.swift */; };
		FAF53F891FA64640006D1D89 /* UserViewModel.swift in Sources */ = {isa = PBXBuildFile; fileRef = FAF53F881FA64640006D1D89 /* UserViewModel.swift */; };
/* End PBXBuildFile section */

/* Begin PBXContainerItemProxy section */
		FA89775B1FA5D993003E0CFB /* PBXContainerItemProxy */ = {
			isa = PBXContainerItemProxy;
			containerPortal = FA89773E1FA5D993003E0CFB /* Project object */;
			proxyType = 1;
			remoteGlobalIDString = FA8977451FA5D993003E0CFB;
			remoteInfo = TestQuandooTask;
		};
		FA8977661FA5D993003E0CFB /* PBXContainerItemProxy */ = {
			isa = PBXContainerItemProxy;
			containerPortal = FA89773E1FA5D993003E0CFB /* Project object */;
			proxyType = 1;
			remoteGlobalIDString = FA8977451FA5D993003E0CFB;
			remoteInfo = TestQuandooTask;
		};
/* End PBXContainerItemProxy section */

/* Begin PBXFileReference section */
		A39519301FA67FC4000272B2 /* UsersPresenter.swift */ = {isa = PBXFileReference; lastKnownFileType = sourcecode.swift; path = UsersPresenter.swift; sourceTree = "<group>"; };
		A39519331FA7A4D9000272B2 /* UsersAndPostsServiceManager.swift */ = {isa = PBXFileReference; lastKnownFileType = sourcecode.swift; path = UsersAndPostsServiceManager.swift; sourceTree = "<group>"; };
		A3B7B7131FA8FE5F0019AC43 /* CellMock.xib */ = {isa = PBXFileReference; lastKnownFileType = file.xib; path = CellMock.xib; sourceTree = "<group>"; };
		A3B7B7151FA9028B0019AC43 /* UsersPresenterTests.swift */ = {isa = PBXFileReference; lastKnownFileType = sourcecode.swift; path = UsersPresenterTests.swift; sourceTree = "<group>"; };
		A3B7B7171FA90B710019AC43 /* UserViewModelTests.swift */ = {isa = PBXFileReference; lastKnownFileType = sourcecode.swift; path = UserViewModelTests.swift; sourceTree = "<group>"; };
		A3B7B7191FA90E2C0019AC43 /* ServiceManagerTests.swift */ = {isa = PBXFileReference; lastKnownFileType = sourcecode.swift; path = ServiceManagerTests.swift; sourceTree = "<group>"; };
		FA30027F1FA65568008A4527 /* AddressModel.swift */ = {isa = PBXFileReference; lastKnownFileType = sourcecode.swift; path = AddressModel.swift; sourceTree = "<group>"; };
		FA3002811FA66655008A4527 /* UserCell.xib */ = {isa = PBXFileReference; lastKnownFileType = file.xib; path = UserCell.xib; sourceTree = "<group>"; };
		FA8977461FA5D993003E0CFB /* TestQuandooTask.app */ = {isa = PBXFileReference; explicitFileType = wrapper.application; includeInIndex = 0; path = TestQuandooTask.app; sourceTree = BUILT_PRODUCTS_DIR; };
		FA8977491FA5D993003E0CFB /* AppDelegate.swift */ = {isa = PBXFileReference; lastKnownFileType = sourcecode.swift; path = AppDelegate.swift; sourceTree = "<group>"; };
		FA89774E1FA5D993003E0CFB /* Base */ = {isa = PBXFileReference; lastKnownFileType = file.storyboard; name = Base; path = Base.lproj/Main.storyboard; sourceTree = "<group>"; };
		FA8977501FA5D993003E0CFB /* Assets.xcassets */ = {isa = PBXFileReference; lastKnownFileType = folder.assetcatalog; path = Assets.xcassets; sourceTree = "<group>"; };
		FA8977531FA5D993003E0CFB /* Base */ = {isa = PBXFileReference; lastKnownFileType = file.storyboard; name = Base; path = Base.lproj/LaunchScreen.storyboard; sourceTree = "<group>"; };
		FA8977551FA5D993003E0CFB /* Info.plist */ = {isa = PBXFileReference; lastKnownFileType = text.plist.xml; path = Info.plist; sourceTree = "<group>"; };
		FA89775A1FA5D993003E0CFB /* TestQuandooTaskTests.xctest */ = {isa = PBXFileReference; explicitFileType = wrapper.cfbundle; includeInIndex = 0; path = TestQuandooTaskTests.xctest; sourceTree = BUILT_PRODUCTS_DIR; };
		FA89775E1FA5D993003E0CFB /* TestQuandooTaskTests.swift */ = {isa = PBXFileReference; lastKnownFileType = sourcecode.swift; path = TestQuandooTaskTests.swift; sourceTree = "<group>"; };
		FA8977601FA5D993003E0CFB /* Info.plist */ = {isa = PBXFileReference; lastKnownFileType = text.plist.xml; path = Info.plist; sourceTree = "<group>"; };
		FA8977651FA5D993003E0CFB /* TestQuandooTaskUITests.xctest */ = {isa = PBXFileReference; explicitFileType = wrapper.cfbundle; includeInIndex = 0; path = TestQuandooTaskUITests.xctest; sourceTree = BUILT_PRODUCTS_DIR; };
		FA8977691FA5D993003E0CFB /* TestQuandooTaskUITests.swift */ = {isa = PBXFileReference; lastKnownFileType = sourcecode.swift; path = TestQuandooTaskUITests.swift; sourceTree = "<group>"; };
		FA89776B1FA5D993003E0CFB /* Info.plist */ = {isa = PBXFileReference; lastKnownFileType = text.plist.xml; path = Info.plist; sourceTree = "<group>"; };
		FAF53F5E1FA5ED29006D1D89 /* AppCoordinator.swift */ = {isa = PBXFileReference; lastKnownFileType = sourcecode.swift; path = AppCoordinator.swift; sourceTree = "<group>"; };
		FAF53F631FA5F910006D1D89 /* UsersAndPostsCoordinator.swift */ = {isa = PBXFileReference; lastKnownFileType = sourcecode.swift; path = UsersAndPostsCoordinator.swift; sourceTree = "<group>"; };
		FAF53F651FA5FB0D006D1D89 /* UsersListController.swift */ = {isa = PBXFileReference; lastKnownFileType = sourcecode.swift; path = UsersListController.swift; sourceTree = "<group>"; };
		FAF53F671FA5FB19006D1D89 /* PostsListController.swift */ = {isa = PBXFileReference; lastKnownFileType = sourcecode.swift; path = PostsListController.swift; sourceTree = "<group>"; };
		FAF53F691FA60470006D1D89 /* AppCoordinatorTests.swift */ = {isa = PBXFileReference; lastKnownFileType = sourcecode.swift; path = AppCoordinatorTests.swift; sourceTree = "<group>"; };
		FAF53F6D1FA60D7C006D1D89 /* BaseTableViewController.swift */ = {isa = PBXFileReference; lastKnownFileType = sourcecode.swift; path = BaseTableViewController.swift; sourceTree = "<group>"; };
		FAF53F701FA6165A006D1D89 /* UserModel.swift */ = {isa = PBXFileReference; lastKnownFileType = sourcecode.swift; path = UserModel.swift; sourceTree = "<group>"; };
		FAF53F721FA61666006D1D89 /* PostModel.swift */ = {isa = PBXFileReference; lastKnownFileType = sourcecode.swift; path = PostModel.swift; sourceTree = "<group>"; };
		FAF53F741FA61A62006D1D89 /* StoryBoard+AppControllers.swift */ = {isa = PBXFileReference; fileEncoding = 4; lastKnownFileType = sourcecode.swift; path = "StoryBoard+AppControllers.swift"; sourceTree = "<group>"; };
		FAF53F761FA62004006D1D89 /* UsersAndPostsCoordinatorTests.swift */ = {isa = PBXFileReference; lastKnownFileType = sourcecode.swift; path = UsersAndPostsCoordinatorTests.swift; sourceTree = "<group>"; };
		FAF53F791FA62ED1006D1D89 /* ConfigurableCell.swift */ = {isa = PBXFileReference; lastKnownFileType = sourcecode.swift; path = ConfigurableCell.swift; sourceTree = "<group>"; };
		FAF53F7C1FA62F03006D1D89 /* UserCell.swift */ = {isa = PBXFileReference; lastKnownFileType = sourcecode.swift; path = UserCell.swift; sourceTree = "<group>"; };
		FAF53F7F1FA62F53006D1D89 /* GenericTableViewDataSource.swift */ = {isa = PBXFileReference; lastKnownFileType = sourcecode.swift; path = GenericTableViewDataSource.swift; sourceTree = "<group>"; };
		FAF53F841FA63086006D1D89 /* GenericTableViewDataSourceTests.swift */ = {isa = PBXFileReference; lastKnownFileType = sourcecode.swift; path = GenericTableViewDataSourceTests.swift; sourceTree = "<group>"; };
		FAF53F861FA64287006D1D89 /* ServiceManager.swift */ = {isa = PBXFileReference; fileEncoding = 4; lastKnownFileType = sourcecode.swift; path = ServiceManager.swift; sourceTree = "<group>"; };
		FAF53F881FA64640006D1D89 /* UserViewModel.swift */ = {isa = PBXFileReference; lastKnownFileType = sourcecode.swift; path = UserViewModel.swift; sourceTree = "<group>"; };
/* End PBXFileReference section */

/* Begin PBXFrameworksBuildPhase section */
		FA8977431FA5D993003E0CFB /* Frameworks */ = {
			isa = PBXFrameworksBuildPhase;
			buildActionMask = 2147483647;
			files = (
			);
			runOnlyForDeploymentPostprocessing = 0;
		};
		FA8977571FA5D993003E0CFB /* Frameworks */ = {
			isa = PBXFrameworksBuildPhase;
			buildActionMask = 2147483647;
			files = (
			);
			runOnlyForDeploymentPostprocessing = 0;
		};
		FA8977621FA5D993003E0CFB /* Frameworks */ = {
			isa = PBXFrameworksBuildPhase;
			buildActionMask = 2147483647;
			files = (
			);
			runOnlyForDeploymentPostprocessing = 0;
		};
/* End PBXFrameworksBuildPhase section */

/* Begin PBXGroup section */
		A395192F1FA67FB3000272B2 /* Presenter */ = {
			isa = PBXGroup;
			children = (
				A39519301FA67FC4000272B2 /* UsersPresenter.swift */,
			);
			path = Presenter;
			sourceTree = "<group>";
		};
		A39519321FA7A4A2000272B2 /* Manager */ = {
			isa = PBXGroup;
			children = (
				A39519331FA7A4D9000272B2 /* UsersAndPostsServiceManager.swift */,
			);
			path = Manager;
			sourceTree = "<group>";
		};
		A3B7B70E1FA7BEDE0019AC43 /* Manager */ = {
			isa = PBXGroup;
			children = (
				FAF53F861FA64287006D1D89 /* ServiceManager.swift */,
			);
			path = Manager;
			sourceTree = "<group>";
		};
		A3B7B70F1FA7BEF30019AC43 /* Extensions */ = {
			isa = PBXGroup;
			children = (
				FAF53F741FA61A62006D1D89 /* StoryBoard+AppControllers.swift */,
			);
			path = Extensions;
			sourceTree = "<group>";
		};
		FA89773D1FA5D993003E0CFB = {
			isa = PBXGroup;
			children = (
				FA8977481FA5D993003E0CFB /* TestQuandooTask */,
				FA89775D1FA5D993003E0CFB /* TestQuandooTaskTests */,
				FA8977681FA5D993003E0CFB /* TestQuandooTaskUITests */,
				FA8977471FA5D993003E0CFB /* Products */,
			);
			sourceTree = "<group>";
		};
		FA8977471FA5D993003E0CFB /* Products */ = {
			isa = PBXGroup;
			children = (
				FA8977461FA5D993003E0CFB /* TestQuandooTask.app */,
				FA89775A1FA5D993003E0CFB /* TestQuandooTaskTests.xctest */,
				FA8977651FA5D993003E0CFB /* TestQuandooTaskUITests.xctest */,
			);
			name = Products;
			sourceTree = "<group>";
		};
		FA8977481FA5D993003E0CFB /* TestQuandooTask */ = {
			isa = PBXGroup;
			children = (
				A3B7B70F1FA7BEF30019AC43 /* Extensions */,
				FAF53F6B1FA60D5F006D1D89 /* BaseClasses */,
				FAF53F601FA5F68C006D1D89 /* UsersAndPostsModule */,
				FA8977491FA5D993003E0CFB /* AppDelegate.swift */,
				FAF53F5E1FA5ED29006D1D89 /* AppCoordinator.swift */,
				FAF53F5D1FA5ECDE006D1D89 /* Resources */,
			);
			path = TestQuandooTask;
			sourceTree = "<group>";
		};
		FA89775D1FA5D993003E0CFB /* TestQuandooTaskTests */ = {
			isa = PBXGroup;
			children = (
				FA89775E1FA5D993003E0CFB /* TestQuandooTaskTests.swift */,
				FAF53F691FA60470006D1D89 /* AppCoordinatorTests.swift */,
				FAF53F761FA62004006D1D89 /* UsersAndPostsCoordinatorTests.swift */,
				A3B7B7131FA8FE5F0019AC43 /* CellMock.xib */,
				FAF53F841FA63086006D1D89 /* GenericTableViewDataSourceTests.swift */,
				A3B7B7151FA9028B0019AC43 /* UsersPresenterTests.swift */,
				A3B7B7171FA90B710019AC43 /* UserViewModelTests.swift */,
				A3B7B7191FA90E2C0019AC43 /* ServiceManagerTests.swift */,
				FA8977601FA5D993003E0CFB /* Info.plist */,
			);
			path = TestQuandooTaskTests;
			sourceTree = "<group>";
		};
		FA8977681FA5D993003E0CFB /* TestQuandooTaskUITests */ = {
			isa = PBXGroup;
			children = (
				FA8977691FA5D993003E0CFB /* TestQuandooTaskUITests.swift */,
				FA89776B1FA5D993003E0CFB /* Info.plist */,
			);
			path = TestQuandooTaskUITests;
			sourceTree = "<group>";
		};
		FAF53F5D1FA5ECDE006D1D89 /* Resources */ = {
			isa = PBXGroup;
			children = (
				FA89774D1FA5D993003E0CFB /* Main.storyboard */,
				FA8977501FA5D993003E0CFB /* Assets.xcassets */,
				FA8977521FA5D993003E0CFB /* LaunchScreen.storyboard */,
				FA8977551FA5D993003E0CFB /* Info.plist */,
			);
			path = Resources;
			sourceTree = "<group>";
		};
		FAF53F601FA5F68C006D1D89 /* UsersAndPostsModule */ = {
			isa = PBXGroup;
			children = (
				A39519321FA7A4A2000272B2 /* Manager */,
				A395192F1FA67FB3000272B2 /* Presenter */,
				FAF53F7B1FA62EF6006D1D89 /* View */,
				FAF53F6F1FA6164A006D1D89 /* Model */,
				FAF53F621FA5F8AD006D1D89 /* Coordinator */,
				FAF53F611FA5F8A4006D1D89 /* Controller */,
			);
			path = UsersAndPostsModule;
			sourceTree = "<group>";
		};
		FAF53F611FA5F8A4006D1D89 /* Controller */ = {
			isa = PBXGroup;
			children = (
				FAF53F651FA5FB0D006D1D89 /* UsersListController.swift */,
				FAF53F671FA5FB19006D1D89 /* PostsListController.swift */,
			);
			path = Controller;
			sourceTree = "<group>";
		};
		FAF53F621FA5F8AD006D1D89 /* Coordinator */ = {
			isa = PBXGroup;
			children = (
				FAF53F631FA5F910006D1D89 /* UsersAndPostsCoordinator.swift */,
			);
			path = Coordinator;
			sourceTree = "<group>";
		};
		FAF53F6B1FA60D5F006D1D89 /* BaseClasses */ = {
			isa = PBXGroup;
			children = (
				A3B7B70E1FA7BEDE0019AC43 /* Manager */,
				FAF53F7E1FA62F42006D1D89 /* Configurator */,
				FAF53F781FA62EC0006D1D89 /* View */,
				FAF53F6C1FA60D6A006D1D89 /* Controller */,
			);
			path = BaseClasses;
			sourceTree = "<group>";
		};
		FAF53F6C1FA60D6A006D1D89 /* Controller */ = {
			isa = PBXGroup;
			children = (
				FAF53F6D1FA60D7C006D1D89 /* BaseTableViewController.swift */,
			);
			path = Controller;
			sourceTree = "<group>";
		};
		FAF53F6F1FA6164A006D1D89 /* Model */ = {
			isa = PBXGroup;
			children = (
				FAF53F701FA6165A006D1D89 /* UserModel.swift */,
				FA30027F1FA65568008A4527 /* AddressModel.swift */,
				FAF53F881FA64640006D1D89 /* UserViewModel.swift */,
				FAF53F721FA61666006D1D89 /* PostModel.swift */,
			);
			path = Model;
			sourceTree = "<group>";
		};
		FAF53F781FA62EC0006D1D89 /* View */ = {
			isa = PBXGroup;
			children = (
				FAF53F791FA62ED1006D1D89 /* ConfigurableCell.swift */,
			);
			path = View;
			sourceTree = "<group>";
		};
		FAF53F7B1FA62EF6006D1D89 /* View */ = {
			isa = PBXGroup;
			children = (
				FAF53F7C1FA62F03006D1D89 /* UserCell.swift */,
				FA3002811FA66655008A4527 /* UserCell.xib */,
			);
			path = View;
			sourceTree = "<group>";
		};
		FAF53F7E1FA62F42006D1D89 /* Configurator */ = {
			isa = PBXGroup;
			children = (
				FAF53F7F1FA62F53006D1D89 /* GenericTableViewDataSource.swift */,
			);
			path = Configurator;
			sourceTree = "<group>";
		};
/* End PBXGroup section */

/* Begin PBXNativeTarget section */
		FA8977451FA5D993003E0CFB /* TestQuandooTask */ = {
			isa = PBXNativeTarget;
			buildConfigurationList = FA89776E1FA5D993003E0CFB /* Build configuration list for PBXNativeTarget "TestQuandooTask" */;
			buildPhases = (
				FA8977421FA5D993003E0CFB /* Sources */,
				FA8977431FA5D993003E0CFB /* Frameworks */,
				FA8977441FA5D993003E0CFB /* Resources */,
			);
			buildRules = (
			);
			dependencies = (
			);
			name = TestQuandooTask;
			productName = TestQuandooTask;
			productReference = FA8977461FA5D993003E0CFB /* TestQuandooTask.app */;
			productType = "com.apple.product-type.application";
		};
		FA8977591FA5D993003E0CFB /* TestQuandooTaskTests */ = {
			isa = PBXNativeTarget;
			buildConfigurationList = FA8977711FA5D993003E0CFB /* Build configuration list for PBXNativeTarget "TestQuandooTaskTests" */;
			buildPhases = (
				FA8977561FA5D993003E0CFB /* Sources */,
				FA8977571FA5D993003E0CFB /* Frameworks */,
				FA8977581FA5D993003E0CFB /* Resources */,
			);
			buildRules = (
			);
			dependencies = (
				FA89775C1FA5D993003E0CFB /* PBXTargetDependency */,
			);
			name = TestQuandooTaskTests;
			productName = TestQuandooTaskTests;
			productReference = FA89775A1FA5D993003E0CFB /* TestQuandooTaskTests.xctest */;
			productType = "com.apple.product-type.bundle.unit-test";
		};
		FA8977641FA5D993003E0CFB /* TestQuandooTaskUITests */ = {
			isa = PBXNativeTarget;
			buildConfigurationList = FA8977741FA5D993003E0CFB /* Build configuration list for PBXNativeTarget "TestQuandooTaskUITests" */;
			buildPhases = (
				FA8977611FA5D993003E0CFB /* Sources */,
				FA8977621FA5D993003E0CFB /* Frameworks */,
				FA8977631FA5D993003E0CFB /* Resources */,
			);
			buildRules = (
			);
			dependencies = (
				FA8977671FA5D993003E0CFB /* PBXTargetDependency */,
			);
			name = TestQuandooTaskUITests;
			productName = TestQuandooTaskUITests;
			productReference = FA8977651FA5D993003E0CFB /* TestQuandooTaskUITests.xctest */;
			productType = "com.apple.product-type.bundle.ui-testing";
		};
/* End PBXNativeTarget section */

/* Begin PBXProject section */
		FA89773E1FA5D993003E0CFB /* Project object */ = {
			isa = PBXProject;
			attributes = {
				LastSwiftUpdateCheck = 0900;
				LastUpgradeCheck = 0900;
				ORGANIZATIONNAME = Gkol;
				TargetAttributes = {
					FA8977451FA5D993003E0CFB = {
						CreatedOnToolsVersion = 9.0.1;
						ProvisioningStyle = Automatic;
					};
					FA8977591FA5D993003E0CFB = {
						CreatedOnToolsVersion = 9.0.1;
						ProvisioningStyle = Automatic;
						TestTargetID = FA8977451FA5D993003E0CFB;
					};
					FA8977641FA5D993003E0CFB = {
						CreatedOnToolsVersion = 9.0.1;
						ProvisioningStyle = Automatic;
						TestTargetID = FA8977451FA5D993003E0CFB;
					};
				};
			};
			buildConfigurationList = FA8977411FA5D993003E0CFB /* Build configuration list for PBXProject "TestQuandooTask" */;
			compatibilityVersion = "Xcode 8.0";
			developmentRegion = en;
			hasScannedForEncodings = 0;
			knownRegions = (
				en,
				Base,
			);
			mainGroup = FA89773D1FA5D993003E0CFB;
			productRefGroup = FA8977471FA5D993003E0CFB /* Products */;
			projectDirPath = "";
			projectRoot = "";
			targets = (
				FA8977451FA5D993003E0CFB /* TestQuandooTask */,
				FA8977591FA5D993003E0CFB /* TestQuandooTaskTests */,
				FA8977641FA5D993003E0CFB /* TestQuandooTaskUITests */,
			);
		};
/* End PBXProject section */

/* Begin PBXResourcesBuildPhase section */
		FA8977441FA5D993003E0CFB /* Resources */ = {
			isa = PBXResourcesBuildPhase;
			buildActionMask = 2147483647;
			files = (
				FA3002821FA66655008A4527 /* UserCell.xib in Resources */,
				FA8977541FA5D993003E0CFB /* LaunchScreen.storyboard in Resources */,
				FA8977511FA5D993003E0CFB /* Assets.xcassets in Resources */,
				FA89774F1FA5D993003E0CFB /* Main.storyboard in Resources */,
			);
			runOnlyForDeploymentPostprocessing = 0;
		};
		FA8977581FA5D993003E0CFB /* Resources */ = {
			isa = PBXResourcesBuildPhase;
			buildActionMask = 2147483647;
			files = (
				A3B7B7141FA8FE5F0019AC43 /* CellMock.xib in Resources */,
			);
			runOnlyForDeploymentPostprocessing = 0;
		};
		FA8977631FA5D993003E0CFB /* Resources */ = {
			isa = PBXResourcesBuildPhase;
			buildActionMask = 2147483647;
			files = (
			);
			runOnlyForDeploymentPostprocessing = 0;
		};
/* End PBXResourcesBuildPhase section */

/* Begin PBXSourcesBuildPhase section */
		FA8977421FA5D993003E0CFB /* Sources */ = {
			isa = PBXSourcesBuildPhase;
			buildActionMask = 2147483647;
			files = (
				A39519341FA7A4D9000272B2 /* UsersAndPostsServiceManager.swift in Sources */,
				FAF53F6E1FA60D7C006D1D89 /* BaseTableViewController.swift in Sources */,
				FAF53F751FA61A62006D1D89 /* StoryBoard+AppControllers.swift in Sources */,
				FAF53F731FA61666006D1D89 /* PostModel.swift in Sources */,
				FAF53F711FA6165A006D1D89 /* UserModel.swift in Sources */,
				FA3002801FA65568008A4527 /* AddressModel.swift in Sources */,
				FAF53F871FA64287006D1D89 /* ServiceManager.swift in Sources */,
				A39519311FA67FC4000272B2 /* UsersPresenter.swift in Sources */,
				FAF53F801FA62F53006D1D89 /* GenericTableViewDataSource.swift in Sources */,
				FAF53F7A1FA62ED1006D1D89 /* ConfigurableCell.swift in Sources */,
				FAF53F5F1FA5ED29006D1D89 /* AppCoordinator.swift in Sources */,
				FA89774A1FA5D993003E0CFB /* AppDelegate.swift in Sources */,
				FAF53F681FA5FB19006D1D89 /* PostsListController.swift in Sources */,
				FAF53F661FA5FB0D006D1D89 /* UsersListController.swift in Sources */,
				FAF53F7D1FA62F03006D1D89 /* UserCell.swift in Sources */,
				FAF53F891FA64640006D1D89 /* UserViewModel.swift in Sources */,
				FAF53F641FA5F910006D1D89 /* UsersAndPostsCoordinator.swift in Sources */,
			);
			runOnlyForDeploymentPostprocessing = 0;
		};
		FA8977561FA5D993003E0CFB /* Sources */ = {
			isa = PBXSourcesBuildPhase;
			buildActionMask = 2147483647;
			files = (
				FAF53F771FA62004006D1D89 /* UsersAndPostsCoordinatorTests.swift in Sources */,
				A3B7B7181FA90B710019AC43 /* UserViewModelTests.swift in Sources */,
				A3B7B71A1FA90E2C0019AC43 /* ServiceManagerTests.swift in Sources */,
				FAF53F6A1FA60470006D1D89 /* AppCoordinatorTests.swift in Sources */,
				A3B7B7161FA9028B0019AC43 /* UsersPresenterTests.swift in Sources */,
				FAF53F851FA63087006D1D89 /* GenericTableViewDataSourceTests.swift in Sources */,
				FA89775F1FA5D993003E0CFB /* TestQuandooTaskTests.swift in Sources */,
			);
			runOnlyForDeploymentPostprocessing = 0;
		};
		FA8977611FA5D993003E0CFB /* Sources */ = {
			isa = PBXSourcesBuildPhase;
			buildActionMask = 2147483647;
			files = (
				FA89776A1FA5D993003E0CFB /* TestQuandooTaskUITests.swift in Sources */,
			);
			runOnlyForDeploymentPostprocessing = 0;
		};
/* End PBXSourcesBuildPhase section */

/* Begin PBXTargetDependency section */
		FA89775C1FA5D993003E0CFB /* PBXTargetDependency */ = {
			isa = PBXTargetDependency;
			target = FA8977451FA5D993003E0CFB /* TestQuandooTask */;
			targetProxy = FA89775B1FA5D993003E0CFB /* PBXContainerItemProxy */;
		};
		FA8977671FA5D993003E0CFB /* PBXTargetDependency */ = {
			isa = PBXTargetDependency;
			target = FA8977451FA5D993003E0CFB /* TestQuandooTask */;
			targetProxy = FA8977661FA5D993003E0CFB /* PBXContainerItemProxy */;
		};
/* End PBXTargetDependency section */

/* Begin PBXVariantGroup section */
		FA89774D1FA5D993003E0CFB /* Main.storyboard */ = {
			isa = PBXVariantGroup;
			children = (
				FA89774E1FA5D993003E0CFB /* Base */,
			);
			name = Main.storyboard;
			sourceTree = "<group>";
		};
		FA8977521FA5D993003E0CFB /* LaunchScreen.storyboard */ = {
			isa = PBXVariantGroup;
			children = (
				FA8977531FA5D993003E0CFB /* Base */,
			);
			name = LaunchScreen.storyboard;
			sourceTree = "<group>";
		};
/* End PBXVariantGroup section */

/* Begin XCBuildConfiguration section */
		FA89776C1FA5D993003E0CFB /* Debug */ = {
			isa = XCBuildConfiguration;
			buildSettings = {
				ALWAYS_SEARCH_USER_PATHS = NO;
				CLANG_ANALYZER_NONNULL = YES;
				CLANG_ANALYZER_NUMBER_OBJECT_CONVERSION = YES_AGGRESSIVE;
				CLANG_CXX_LANGUAGE_STANDARD = "gnu++14";
				CLANG_CXX_LIBRARY = "libc++";
				CLANG_ENABLE_MODULES = YES;
				CLANG_ENABLE_OBJC_ARC = YES;
				CLANG_WARN_BLOCK_CAPTURE_AUTORELEASING = YES;
				CLANG_WARN_BOOL_CONVERSION = YES;
				CLANG_WARN_COMMA = YES;
				CLANG_WARN_CONSTANT_CONVERSION = YES;
				CLANG_WARN_DIRECT_OBJC_ISA_USAGE = YES_ERROR;
				CLANG_WARN_DOCUMENTATION_COMMENTS = YES;
				CLANG_WARN_EMPTY_BODY = YES;
				CLANG_WARN_ENUM_CONVERSION = YES;
				CLANG_WARN_INFINITE_RECURSION = YES;
				CLANG_WARN_INT_CONVERSION = YES;
				CLANG_WARN_NON_LITERAL_NULL_CONVERSION = YES;
				CLANG_WARN_OBJC_LITERAL_CONVERSION = YES;
				CLANG_WARN_OBJC_ROOT_CLASS = YES_ERROR;
				CLANG_WARN_RANGE_LOOP_ANALYSIS = YES;
				CLANG_WARN_STRICT_PROTOTYPES = YES;
				CLANG_WARN_SUSPICIOUS_MOVE = YES;
				CLANG_WARN_UNGUARDED_AVAILABILITY = YES_AGGRESSIVE;
				CLANG_WARN_UNREACHABLE_CODE = YES;
				CLANG_WARN__DUPLICATE_METHOD_MATCH = YES;
				CODE_SIGN_IDENTITY = "iPhone Developer";
				COPY_PHASE_STRIP = NO;
				DEBUG_INFORMATION_FORMAT = dwarf;
				ENABLE_STRICT_OBJC_MSGSEND = YES;
				ENABLE_TESTABILITY = YES;
				GCC_C_LANGUAGE_STANDARD = gnu11;
				GCC_DYNAMIC_NO_PIC = NO;
				GCC_NO_COMMON_BLOCKS = YES;
				GCC_OPTIMIZATION_LEVEL = 0;
				GCC_PREPROCESSOR_DEFINITIONS = (
					"DEBUG=1",
					"$(inherited)",
				);
				GCC_WARN_64_TO_32_BIT_CONVERSION = YES;
				GCC_WARN_ABOUT_RETURN_TYPE = YES_ERROR;
				GCC_WARN_UNDECLARED_SELECTOR = YES;
				GCC_WARN_UNINITIALIZED_AUTOS = YES_AGGRESSIVE;
				GCC_WARN_UNUSED_FUNCTION = YES;
				GCC_WARN_UNUSED_VARIABLE = YES;
				IPHONEOS_DEPLOYMENT_TARGET = 11.0;
				MTL_ENABLE_DEBUG_INFO = YES;
				ONLY_ACTIVE_ARCH = YES;
				SDKROOT = iphoneos;
				SWIFT_ACTIVE_COMPILATION_CONDITIONS = DEBUG;
				SWIFT_OPTIMIZATION_LEVEL = "-Onone";
			};
			name = Debug;
		};
		FA89776D1FA5D993003E0CFB /* Release */ = {
			isa = XCBuildConfiguration;
			buildSettings = {
				ALWAYS_SEARCH_USER_PATHS = NO;
				CLANG_ANALYZER_NONNULL = YES;
				CLANG_ANALYZER_NUMBER_OBJECT_CONVERSION = YES_AGGRESSIVE;
				CLANG_CXX_LANGUAGE_STANDARD = "gnu++14";
				CLANG_CXX_LIBRARY = "libc++";
				CLANG_ENABLE_MODULES = YES;
				CLANG_ENABLE_OBJC_ARC = YES;
				CLANG_WARN_BLOCK_CAPTURE_AUTORELEASING = YES;
				CLANG_WARN_BOOL_CONVERSION = YES;
				CLANG_WARN_COMMA = YES;
				CLANG_WARN_CONSTANT_CONVERSION = YES;
				CLANG_WARN_DIRECT_OBJC_ISA_USAGE = YES_ERROR;
				CLANG_WARN_DOCUMENTATION_COMMENTS = YES;
				CLANG_WARN_EMPTY_BODY = YES;
				CLANG_WARN_ENUM_CONVERSION = YES;
				CLANG_WARN_INFINITE_RECURSION = YES;
				CLANG_WARN_INT_CONVERSION = YES;
				CLANG_WARN_NON_LITERAL_NULL_CONVERSION = YES;
				CLANG_WARN_OBJC_LITERAL_CONVERSION = YES;
				CLANG_WARN_OBJC_ROOT_CLASS = YES_ERROR;
				CLANG_WARN_RANGE_LOOP_ANALYSIS = YES;
				CLANG_WARN_STRICT_PROTOTYPES = YES;
				CLANG_WARN_SUSPICIOUS_MOVE = YES;
				CLANG_WARN_UNGUARDED_AVAILABILITY = YES_AGGRESSIVE;
				CLANG_WARN_UNREACHABLE_CODE = YES;
				CLANG_WARN__DUPLICATE_METHOD_MATCH = YES;
				CODE_SIGN_IDENTITY = "iPhone Developer";
				COPY_PHASE_STRIP = NO;
				DEBUG_INFORMATION_FORMAT = "dwarf-with-dsym";
				ENABLE_NS_ASSERTIONS = NO;
				ENABLE_STRICT_OBJC_MSGSEND = YES;
				GCC_C_LANGUAGE_STANDARD = gnu11;
				GCC_NO_COMMON_BLOCKS = YES;
				GCC_WARN_64_TO_32_BIT_CONVERSION = YES;
				GCC_WARN_ABOUT_RETURN_TYPE = YES_ERROR;
				GCC_WARN_UNDECLARED_SELECTOR = YES;
				GCC_WARN_UNINITIALIZED_AUTOS = YES_AGGRESSIVE;
				GCC_WARN_UNUSED_FUNCTION = YES;
				GCC_WARN_UNUSED_VARIABLE = YES;
				IPHONEOS_DEPLOYMENT_TARGET = 11.0;
				MTL_ENABLE_DEBUG_INFO = NO;
				SDKROOT = iphoneos;
				SWIFT_OPTIMIZATION_LEVEL = "-Owholemodule";
				VALIDATE_PRODUCT = YES;
			};
			name = Release;
		};
		FA89776F1FA5D993003E0CFB /* Debug */ = {
			isa = XCBuildConfiguration;
			buildSettings = {
				ASSETCATALOG_COMPILER_APPICON_NAME = AppIcon;
				CODE_SIGN_STYLE = Automatic;
				DEVELOPMENT_TEAM = QK893C648G;
				INFOPLIST_FILE = "$(SRCROOT)/TestQuandooTask/Resources/Info.plist";
				LD_RUNPATH_SEARCH_PATHS = "$(inherited) @executable_path/Frameworks";
				PRODUCT_BUNDLE_IDENTIFIER = ssss.TestQuandooTask;
				PRODUCT_NAME = "$(TARGET_NAME)";
				SWIFT_VERSION = 4.0;
				TARGETED_DEVICE_FAMILY = "1,2";
			};
			name = Debug;
		};
		FA8977701FA5D993003E0CFB /* Release */ = {
			isa = XCBuildConfiguration;
			buildSettings = {
				ASSETCATALOG_COMPILER_APPICON_NAME = AppIcon;
				CODE_SIGN_STYLE = Automatic;
				DEVELOPMENT_TEAM = QK893C648G;
				INFOPLIST_FILE = "$(SRCROOT)/TestQuandooTask/Resources/Info.plist";
				LD_RUNPATH_SEARCH_PATHS = "$(inherited) @executable_path/Frameworks";
				PRODUCT_BUNDLE_IDENTIFIER = ssss.TestQuandooTask;
				PRODUCT_NAME = "$(TARGET_NAME)";
				SWIFT_VERSION = 4.0;
				TARGETED_DEVICE_FAMILY = "1,2";
			};
			name = Release;
		};
		FA8977721FA5D993003E0CFB /* Debug */ = {
			isa = XCBuildConfiguration;
			buildSettings = {
				ALWAYS_EMBED_SWIFT_STANDARD_LIBRARIES = YES;
				BUNDLE_LOADER = "$(TEST_HOST)";
				CODE_SIGN_STYLE = Automatic;
				DEVELOPMENT_TEAM = QK893C648G;
				INFOPLIST_FILE = TestQuandooTaskTests/Info.plist;
				LD_RUNPATH_SEARCH_PATHS = "$(inherited) @executable_path/Frameworks @loader_path/Frameworks";
				PRODUCT_BUNDLE_IDENTIFIER = ssss.TestQuandooTaskTests;
				PRODUCT_NAME = "$(TARGET_NAME)";
				SWIFT_VERSION = 4.0;
				TARGETED_DEVICE_FAMILY = "1,2";
				TEST_HOST = "$(BUILT_PRODUCTS_DIR)/TestQuandooTask.app/TestQuandooTask";
			};
			name = Debug;
		};
		FA8977731FA5D993003E0CFB /* Release */ = {
			isa = XCBuildConfiguration;
			buildSettings = {
				ALWAYS_EMBED_SWIFT_STANDARD_LIBRARIES = YES;
				BUNDLE_LOADER = "$(TEST_HOST)";
				CODE_SIGN_STYLE = Automatic;
				DEVELOPMENT_TEAM = QK893C648G;
				INFOPLIST_FILE = TestQuandooTaskTests/Info.plist;
				LD_RUNPATH_SEARCH_PATHS = "$(inherited) @executable_path/Frameworks @loader_path/Frameworks";
				PRODUCT_BUNDLE_IDENTIFIER = ssss.TestQuandooTaskTests;
				PRODUCT_NAME = "$(TARGET_NAME)";
				SWIFT_VERSION = 4.0;
				TARGETED_DEVICE_FAMILY = "1,2";
				TEST_HOST = "$(BUILT_PRODUCTS_DIR)/TestQuandooTask.app/TestQuandooTask";
			};
			name = Release;
		};
		FA8977751FA5D993003E0CFB /* Debug */ = {
			isa = XCBuildConfiguration;
			buildSettings = {
				ALWAYS_EMBED_SWIFT_STANDARD_LIBRARIES = YES;
				CODE_SIGN_STYLE = Automatic;
				DEVELOPMENT_TEAM = QK893C648G;
				INFOPLIST_FILE = TestQuandooTaskUITests/Info.plist;
				LD_RUNPATH_SEARCH_PATHS = "$(inherited) @executable_path/Frameworks @loader_path/Frameworks";
				PRODUCT_BUNDLE_IDENTIFIER = ssss.TestQuandooTaskUITests;
				PRODUCT_NAME = "$(TARGET_NAME)";
				SWIFT_VERSION = 4.0;
				TARGETED_DEVICE_FAMILY = "1,2";
				TEST_TARGET_NAME = TestQuandooTask;
			};
			name = Debug;
		};
		FA8977761FA5D993003E0CFB /* Release */ = {
			isa = XCBuildConfiguration;
			buildSettings = {
				ALWAYS_EMBED_SWIFT_STANDARD_LIBRARIES = YES;
				CODE_SIGN_STYLE = Automatic;
				DEVELOPMENT_TEAM = QK893C648G;
				INFOPLIST_FILE = TestQuandooTaskUITests/Info.plist;
				LD_RUNPATH_SEARCH_PATHS = "$(inherited) @executable_path/Frameworks @loader_path/Frameworks";
				PRODUCT_BUNDLE_IDENTIFIER = ssss.TestQuandooTaskUITests;
				PRODUCT_NAME = "$(TARGET_NAME)";
				SWIFT_VERSION = 4.0;
				TARGETED_DEVICE_FAMILY = "1,2";
				TEST_TARGET_NAME = TestQuandooTask;
			};
			name = Release;
		};
/* End XCBuildConfiguration section */

/* Begin XCConfigurationList section */
		FA8977411FA5D993003E0CFB /* Build configuration list for PBXProject "TestQuandooTask" */ = {
			isa = XCConfigurationList;
			buildConfigurations = (
				FA89776C1FA5D993003E0CFB /* Debug */,
				FA89776D1FA5D993003E0CFB /* Release */,
			);
			defaultConfigurationIsVisible = 0;
			defaultConfigurationName = Release;
		};
		FA89776E1FA5D993003E0CFB /* Build configuration list for PBXNativeTarget "TestQuandooTask" */ = {
			isa = XCConfigurationList;
			buildConfigurations = (
				FA89776F1FA5D993003E0CFB /* Debug */,
				FA8977701FA5D993003E0CFB /* Release */,
			);
			defaultConfigurationIsVisible = 0;
			defaultConfigurationName = Release;
		};
		FA8977711FA5D993003E0CFB /* Build configuration list for PBXNativeTarget "TestQuandooTaskTests" */ = {
			isa = XCConfigurationList;
			buildConfigurations = (
				FA8977721FA5D993003E0CFB /* Debug */,
				FA8977731FA5D993003E0CFB /* Release */,
			);
			defaultConfigurationIsVisible = 0;
			defaultConfigurationName = Release;
		};
		FA8977741FA5D993003E0CFB /* Build configuration list for PBXNativeTarget "TestQuandooTaskUITests" */ = {
			isa = XCConfigurationList;
			buildConfigurations = (
				FA8977751FA5D993003E0CFB /* Debug */,
				FA8977761FA5D993003E0CFB /* Release */,
			);
			defaultConfigurationIsVisible = 0;
			defaultConfigurationName = Release;
		};
/* End XCConfigurationList section */
	};
	rootObject = FA89773E1FA5D993003E0CFB /* Project object */;
}
